// !$*UTF8*$!
{
	archiveVersion = 1;
	classes = {
	};
	objectVersion = 51;
	objects = {

/* Begin PBXBuildFile section */
		B7E84465D23ACBAB62EC4942 /* Pods_Project_1.framework in Frameworks */ = {isa = PBXBuildFile; fileRef = A4C4D67DF9FBC824CAFA828A /* Pods_Project_1.framework */; };
		E0306E6C25DB6ADC0061BD62 /* RegisterViewController.swift in Sources */ = {isa = PBXBuildFile; fileRef = E0306E6B25DB6ADC0061BD62 /* RegisterViewController.swift */; };
		E0306E7125DCF5AB0061BD62 /* noun_person_2824791.png in Resources */ = {isa = PBXBuildFile; fileRef = E0306E7025DCF5AB0061BD62 /* noun_person_2824791.png */; };
		E091D22325D7F0CF00C308B6 /* AppDelegate.swift in Sources */ = {isa = PBXBuildFile; fileRef = E091D22225D7F0CF00C308B6 /* AppDelegate.swift */; };
		E091D22525D7F0CF00C308B6 /* SceneDelegate.swift in Sources */ = {isa = PBXBuildFile; fileRef = E091D22425D7F0CF00C308B6 /* SceneDelegate.swift */; };
		E091D22725D7F0CF00C308B6 /* ViewController.swift in Sources */ = {isa = PBXBuildFile; fileRef = E091D22625D7F0CF00C308B6 /* ViewController.swift */; };
		E091D22A25D7F0CF00C308B6 /* Main.storyboard in Resources */ = {isa = PBXBuildFile; fileRef = E091D22825D7F0CF00C308B6 /* Main.storyboard */; };
		E091D22C25D7F0D000C308B6 /* Assets.xcassets in Resources */ = {isa = PBXBuildFile; fileRef = E091D22B25D7F0D000C308B6 /* Assets.xcassets */; };
		E091D22F25D7F0D000C308B6 /* LaunchScreen.storyboard in Resources */ = {isa = PBXBuildFile; fileRef = E091D22D25D7F0D000C308B6 /* LaunchScreen.storyboard */; };
		E091D23925D7F2EB00C308B6 /* First.storyboard in Resources */ = {isa = PBXBuildFile; fileRef = E091D23825D7F2EB00C308B6 /* First.storyboard */; };
		E091D23C25D7F2F300C308B6 /* Second.storyboard in Resources */ = {isa = PBXBuildFile; fileRef = E091D23B25D7F2F300C308B6 /* Second.storyboard */; };
		E091D23F25D7F30000C308B6 /* Third.storyboard in Resources */ = {isa = PBXBuildFile; fileRef = E091D23E25D7F30000C308B6 /* Third.storyboard */; };
		E091D24225D7F30C00C308B6 /* MyPage.storyboard in Resources */ = {isa = PBXBuildFile; fileRef = E091D24125D7F30C00C308B6 /* MyPage.storyboard */; };
		E091D25925D7F80800C308B6 /* GoogleService-Info.plist in Resources */ = {isa = PBXBuildFile; fileRef = E091D25825D7F80800C308B6 /* GoogleService-Info.plist */; };
		E091D26D25D7FA4400C308B6 /* LoginViewController.swift in Sources */ = {isa = PBXBuildFile; fileRef = E091D26C25D7FA4400C308B6 /* LoginViewController.swift */; };
/* End PBXBuildFile section */

/* Begin PBXFileReference section */
		8388EB4ABCD61374E8B89A57 /* Pods-Project_1.release.xcconfig */ = {isa = PBXFileReference; includeInIndex = 1; lastKnownFileType = text.xcconfig; name = "Pods-Project_1.release.xcconfig"; path = "Target Support Files/Pods-Project_1/Pods-Project_1.release.xcconfig"; sourceTree = "<group>"; };
		A4C4D67DF9FBC824CAFA828A /* Pods_Project_1.framework */ = {isa = PBXFileReference; explicitFileType = wrapper.framework; includeInIndex = 0; path = Pods_Project_1.framework; sourceTree = BUILT_PRODUCTS_DIR; };
		E0306E6B25DB6ADC0061BD62 /* RegisterViewController.swift */ = {isa = PBXFileReference; lastKnownFileType = sourcecode.swift; path = RegisterViewController.swift; sourceTree = "<group>"; };
		E0306E7025DCF5AB0061BD62 /* noun_person_2824791.png */ = {isa = PBXFileReference; lastKnownFileType = image.png; path = noun_person_2824791.png; sourceTree = "<group>"; };
		E091D21F25D7F0CF00C308B6 /* Project_1.app */ = {isa = PBXFileReference; explicitFileType = wrapper.application; includeInIndex = 0; path = Project_1.app; sourceTree = BUILT_PRODUCTS_DIR; };
		E091D22225D7F0CF00C308B6 /* AppDelegate.swift */ = {isa = PBXFileReference; lastKnownFileType = sourcecode.swift; path = AppDelegate.swift; sourceTree = "<group>"; };
		E091D22425D7F0CF00C308B6 /* SceneDelegate.swift */ = {isa = PBXFileReference; lastKnownFileType = sourcecode.swift; path = SceneDelegate.swift; sourceTree = "<group>"; };
		E091D22625D7F0CF00C308B6 /* ViewController.swift */ = {isa = PBXFileReference; lastKnownFileType = sourcecode.swift; path = ViewController.swift; sourceTree = "<group>"; };
		E091D22925D7F0CF00C308B6 /* Base */ = {isa = PBXFileReference; lastKnownFileType = file.storyboard; name = Base; path = Base.lproj/Main.storyboard; sourceTree = "<group>"; };
		E091D22B25D7F0D000C308B6 /* Assets.xcassets */ = {isa = PBXFileReference; lastKnownFileType = folder.assetcatalog; path = Assets.xcassets; sourceTree = "<group>"; };
		E091D22E25D7F0D000C308B6 /* Base */ = {isa = PBXFileReference; lastKnownFileType = file.storyboard; name = Base; path = Base.lproj/LaunchScreen.storyboard; sourceTree = "<group>"; };
		E091D23025D7F0D000C308B6 /* Info.plist */ = {isa = PBXFileReference; lastKnownFileType = text.plist.xml; path = Info.plist; sourceTree = "<group>"; };
		E091D23825D7F2EB00C308B6 /* First.storyboard */ = {isa = PBXFileReference; lastKnownFileType = file.storyboard; path = First.storyboard; sourceTree = "<group>"; };
		E091D23B25D7F2F300C308B6 /* Second.storyboard */ = {isa = PBXFileReference; lastKnownFileType = file.storyboard; path = Second.storyboard; sourceTree = "<group>"; };
		E091D23E25D7F30000C308B6 /* Third.storyboard */ = {isa = PBXFileReference; lastKnownFileType = file.storyboard; path = Third.storyboard; sourceTree = "<group>"; };
		E091D24125D7F30C00C308B6 /* MyPage.storyboard */ = {isa = PBXFileReference; lastKnownFileType = file.storyboard; path = MyPage.storyboard; sourceTree = "<group>"; };
		E091D25825D7F80800C308B6 /* GoogleService-Info.plist */ = {isa = PBXFileReference; fileEncoding = 4; lastKnownFileType = text.plist.xml; path = "GoogleService-Info.plist"; sourceTree = "<group>"; };
		E091D26C25D7FA4400C308B6 /* LoginViewController.swift */ = {isa = PBXFileReference; lastKnownFileType = sourcecode.swift; path = LoginViewController.swift; sourceTree = "<group>"; };
		F381E759474A8345EEE6DD52 /* Pods-Project_1.debug.xcconfig */ = {isa = PBXFileReference; includeInIndex = 1; lastKnownFileType = text.xcconfig; name = "Pods-Project_1.debug.xcconfig"; path = "Target Support Files/Pods-Project_1/Pods-Project_1.debug.xcconfig"; sourceTree = "<group>"; };
/* End PBXFileReference section */

/* Begin PBXFrameworksBuildPhase section */
		E091D21C25D7F0CF00C308B6 /* Frameworks */ = {
			isa = PBXFrameworksBuildPhase;
			buildActionMask = 2147483647;
			files = (
				B7E84465D23ACBAB62EC4942 /* Pods_Project_1.framework in Frameworks */,
			);
			runOnlyForDeploymentPostprocessing = 0;
		};
/* End PBXFrameworksBuildPhase section */

/* Begin PBXGroup section */
		461F0299970751252A359EFE /* Pods */ = {
			isa = PBXGroup;
			children = (
				F381E759474A8345EEE6DD52 /* Pods-Project_1.debug.xcconfig */,
				8388EB4ABCD61374E8B89A57 /* Pods-Project_1.release.xcconfig */,
			);
			path = Pods;
			sourceTree = "<group>";
		};
		CBD1214BFC822A890D55B2B6 /* Frameworks */ = {
			isa = PBXGroup;
			children = (
				A4C4D67DF9FBC824CAFA828A /* Pods_Project_1.framework */,
			);
			name = Frameworks;
			sourceTree = "<group>";
		};
		E0306E6E25DB6E330061BD62 /* MyPage */ = {
			isa = PBXGroup;
			children = (
				E091D26C25D7FA4400C308B6 /* LoginViewController.swift */,
				E0306E6B25DB6ADC0061BD62 /* RegisterViewController.swift */,
			);
			path = MyPage;
			sourceTree = "<group>";
		};
		E0306E7325DCF6700061BD62 /* images */ = {
			isa = PBXGroup;
			children = (
				E0306E7025DCF5AB0061BD62 /* noun_person_2824791.png */,
			);
			path = images;
			sourceTree = "<group>";
		};
		E091D21625D7F0CF00C308B6 = {
			isa = PBXGroup;
			children = (
				E091D22125D7F0CF00C308B6 /* Project_1 */,
				E091D22025D7F0CF00C308B6 /* Products */,
				461F0299970751252A359EFE /* Pods */,
				CBD1214BFC822A890D55B2B6 /* Frameworks */,
			);
			sourceTree = "<group>";
		};
		E091D22025D7F0CF00C308B6 /* Products */ = {
			isa = PBXGroup;
			children = (
				E091D21F25D7F0CF00C308B6 /* Project_1.app */,
			);
			name = Products;
			sourceTree = "<group>";
		};
		E091D22125D7F0CF00C308B6 /* Project_1 */ = {
			isa = PBXGroup;
			children = (
				E091D25825D7F80800C308B6 /* GoogleService-Info.plist */,
				E0306E7325DCF6700061BD62 /* images */,
				E091D22225D7F0CF00C308B6 /* AppDelegate.swift */,
				E091D22425D7F0CF00C308B6 /* SceneDelegate.swift */,
				E091D24425D7F5CC00C308B6 /* Controllers */,
				E091D23725D7F29E00C308B6 /* Storyboards */,
				E091D22B25D7F0D000C308B6 /* Assets.xcassets */,
				E091D22D25D7F0D000C308B6 /* LaunchScreen.storyboard */,
				E091D23025D7F0D000C308B6 /* Info.plist */,
			);
			path = Project_1;
			sourceTree = "<group>";
		};
		E091D23725D7F29E00C308B6 /* Storyboards */ = {
			isa = PBXGroup;
			children = (
				E091D22825D7F0CF00C308B6 /* Main.storyboard */,
				E091D23825D7F2EB00C308B6 /* First.storyboard */,
				E091D23B25D7F2F300C308B6 /* Second.storyboard */,
				E091D23E25D7F30000C308B6 /* Third.storyboard */,
				E091D24125D7F30C00C308B6 /* MyPage.storyboard */,
			);
			path = Storyboards;
			sourceTree = "<group>";
		};
		E091D24425D7F5CC00C308B6 /* Controllers */ = {
			isa = PBXGroup;
			children = (
				E0306E6E25DB6E330061BD62 /* MyPage */,
				E091D22625D7F0CF00C308B6 /* ViewController.swift */,
			);
			path = Controllers;
			sourceTree = "<group>";
		};
/* End PBXGroup section */

/* Begin PBXNativeTarget section */
		E091D21E25D7F0CF00C308B6 /* Project_1 */ = {
			isa = PBXNativeTarget;
			buildConfigurationList = E091D23325D7F0D000C308B6 /* Build configuration list for PBXNativeTarget "Project_1" */;
			buildPhases = (
				E3A904C2A94E705B13F4B457 /* [CP] Check Pods Manifest.lock */,
				E091D21B25D7F0CF00C308B6 /* Sources */,
				E091D21C25D7F0CF00C308B6 /* Frameworks */,
				E091D21D25D7F0CF00C308B6 /* Resources */,
				231805CC92F13D12AA1D0A5E /* [CP] Embed Pods Frameworks */,
				BCCF3E5F77B3D988364DF20A /* [CP] Copy Pods Resources */,
			);
			buildRules = (
			);
			dependencies = (
			);
			name = Project_1;
			productName = Project_1;
			productReference = E091D21F25D7F0CF00C308B6 /* Project_1.app */;
			productType = "com.apple.product-type.application";
		};
/* End PBXNativeTarget section */

/* Begin PBXProject section */
		E091D21725D7F0CF00C308B6 /* Project object */ = {
			isa = PBXProject;
			attributes = {
				LastSwiftUpdateCheck = 1240;
				LastUpgradeCheck = 1240;
				TargetAttributes = {
					E091D21E25D7F0CF00C308B6 = {
						CreatedOnToolsVersion = 12.4;
					};
				};
			};
			buildConfigurationList = E091D21A25D7F0CF00C308B6 /* Build configuration list for PBXProject "Project_1" */;
			compatibilityVersion = "Xcode 9.3";
			developmentRegion = en;
			hasScannedForEncodings = 0;
			knownRegions = (
				en,
				Base,
			);
			mainGroup = E091D21625D7F0CF00C308B6;
			productRefGroup = E091D22025D7F0CF00C308B6 /* Products */;
			projectDirPath = "";
			projectRoot = "";
			targets = (
				E091D21E25D7F0CF00C308B6 /* Project_1 */,
			);
		};
/* End PBXProject section */

/* Begin PBXResourcesBuildPhase section */
		E091D21D25D7F0CF00C308B6 /* Resources */ = {
			isa = PBXResourcesBuildPhase;
			buildActionMask = 2147483647;
			files = (
				E0306E7125DCF5AB0061BD62 /* noun_person_2824791.png in Resources */,
				E091D22F25D7F0D000C308B6 /* LaunchScreen.storyboard in Resources */,
				E091D22C25D7F0D000C308B6 /* Assets.xcassets in Resources */,
				E091D22A25D7F0CF00C308B6 /* Main.storyboard in Resources */,
				E091D23C25D7F2F300C308B6 /* Second.storyboard in Resources */,
				E091D24225D7F30C00C308B6 /* MyPage.storyboard in Resources */,
				E091D23F25D7F30000C308B6 /* Third.storyboard in Resources */,
				E091D23925D7F2EB00C308B6 /* First.storyboard in Resources */,
				E091D25925D7F80800C308B6 /* GoogleService-Info.plist in Resources */,
			);
			runOnlyForDeploymentPostprocessing = 0;
		};
/* End PBXResourcesBuildPhase section */

/* Begin PBXShellScriptBuildPhase section */
		231805CC92F13D12AA1D0A5E /* [CP] Embed Pods Frameworks */ = {
			isa = PBXShellScriptBuildPhase;
			buildActionMask = 2147483647;
			files = (
			);
			inputFileListPaths = (
				"${PODS_ROOT}/Target Support Files/Pods-Project_1/Pods-Project_1-frameworks-${CONFIGURATION}-input-files.xcfilelist",
			);
			name = "[CP] Embed Pods Frameworks";
			outputFileListPaths = (
				"${PODS_ROOT}/Target Support Files/Pods-Project_1/Pods-Project_1-frameworks-${CONFIGURATION}-output-files.xcfilelist",
			);
			runOnlyForDeploymentPostprocessing = 0;
			shellPath = /bin/sh;
			shellScript = "\"${PODS_ROOT}/Target Support Files/Pods-Project_1/Pods-Project_1-frameworks.sh\"\n";
			showEnvVarsInLog = 0;
		};
		BCCF3E5F77B3D988364DF20A /* [CP] Copy Pods Resources */ = {
			isa = PBXShellScriptBuildPhase;
			buildActionMask = 2147483647;
			files = (
			);
			inputFileListPaths = (
				"${PODS_ROOT}/Target Support Files/Pods-Project_1/Pods-Project_1-resources-${CONFIGURATION}-input-files.xcfilelist",
			);
			name = "[CP] Copy Pods Resources";
			outputFileListPaths = (
				"${PODS_ROOT}/Target Support Files/Pods-Project_1/Pods-Project_1-resources-${CONFIGURATION}-output-files.xcfilelist",
			);
			runOnlyForDeploymentPostprocessing = 0;
			shellPath = /bin/sh;
			shellScript = "\"${PODS_ROOT}/Target Support Files/Pods-Project_1/Pods-Project_1-resources.sh\"\n";
			showEnvVarsInLog = 0;
		};
		E3A904C2A94E705B13F4B457 /* [CP] Check Pods Manifest.lock */ = {
			isa = PBXShellScriptBuildPhase;
			buildActionMask = 2147483647;
			files = (
			);
			inputFileListPaths = (
			);
			inputPaths = (
				"${PODS_PODFILE_DIR_PATH}/Podfile.lock",
				"${PODS_ROOT}/Manifest.lock",
			);
			name = "[CP] Check Pods Manifest.lock";
			outputFileListPaths = (
			);
			outputPaths = (
				"$(DERIVED_FILE_DIR)/Pods-Project_1-checkManifestLockResult.txt",
			);
			runOnlyForDeploymentPostprocessing = 0;
			shellPath = /bin/sh;
			shellScript = "diff \"${PODS_PODFILE_DIR_PATH}/Podfile.lock\" \"${PODS_ROOT}/Manifest.lock\" > /dev/null\nif [ $? != 0 ] ; then\n    # print error to STDERR\n    echo \"error: The sandbox is not in sync with the Podfile.lock. Run 'pod install' or update your CocoaPods installation.\" >&2\n    exit 1\nfi\n# This output is used by Xcode 'outputs' to avoid re-running this script phase.\necho \"SUCCESS\" > \"${SCRIPT_OUTPUT_FILE_0}\"\n";
			showEnvVarsInLog = 0;
		};
/* End PBXShellScriptBuildPhase section */

/* Begin PBXSourcesBuildPhase section */
		E091D21B25D7F0CF00C308B6 /* Sources */ = {
			isa = PBXSourcesBuildPhase;
			buildActionMask = 2147483647;
			files = (
				E091D26D25D7FA4400C308B6 /* LoginViewController.swift in Sources */,
				E0306E6C25DB6ADC0061BD62 /* RegisterViewController.swift in Sources */,
				E091D22725D7F0CF00C308B6 /* ViewController.swift in Sources */,
				E091D22325D7F0CF00C308B6 /* AppDelegate.swift in Sources */,
				E091D22525D7F0CF00C308B6 /* SceneDelegate.swift in Sources */,
			);
			runOnlyForDeploymentPostprocessing = 0;
		};
/* End PBXSourcesBuildPhase section */

/* Begin PBXVariantGroup section */
		E091D22825D7F0CF00C308B6 /* Main.storyboard */ = {
			isa = PBXVariantGroup;
			children = (
				E091D22925D7F0CF00C308B6 /* Base */,
			);
			name = Main.storyboard;
			sourceTree = "<group>";
		};
		E091D22D25D7F0D000C308B6 /* LaunchScreen.storyboard */ = {
			isa = PBXVariantGroup;
			children = (
				E091D22E25D7F0D000C308B6 /* Base */,
			);
			name = LaunchScreen.storyboard;
			sourceTree = "<group>";
		};
/* End PBXVariantGroup section */

/* Begin XCBuildConfiguration section */
		E091D23125D7F0D000C308B6 /* Debug */ = {
			isa = XCBuildConfiguration;
			buildSettings = {
				ALWAYS_SEARCH_USER_PATHS = NO;
				CLANG_ANALYZER_NONNULL = YES;
				CLANG_ANALYZER_NUMBER_OBJECT_CONVERSION = YES_AGGRESSIVE;
				CLANG_CXX_LANGUAGE_STANDARD = "gnu++14";
				CLANG_CXX_LIBRARY = "libc++";
				CLANG_ENABLE_MODULES = YES;
				CLANG_ENABLE_OBJC_ARC = YES;
				CLANG_ENABLE_OBJC_WEAK = YES;
				CLANG_WARN_BLOCK_CAPTURE_AUTORELEASING = YES;
				CLANG_WARN_BOOL_CONVERSION = YES;
				CLANG_WARN_COMMA = YES;
				CLANG_WARN_CONSTANT_CONVERSION = YES;
				CLANG_WARN_DEPRECATED_OBJC_IMPLEMENTATIONS = YES;
				CLANG_WARN_DIRECT_OBJC_ISA_USAGE = YES_ERROR;
				CLANG_WARN_DOCUMENTATION_COMMENTS = YES;
				CLANG_WARN_EMPTY_BODY = YES;
				CLANG_WARN_ENUM_CONVERSION = YES;
				CLANG_WARN_INFINITE_RECURSION = YES;
				CLANG_WARN_INT_CONVERSION = YES;
				CLANG_WARN_NON_LITERAL_NULL_CONVERSION = YES;
				CLANG_WARN_OBJC_IMPLICIT_RETAIN_SELF = YES;
				CLANG_WARN_OBJC_LITERAL_CONVERSION = YES;
				CLANG_WARN_OBJC_ROOT_CLASS = YES_ERROR;
				CLANG_WARN_QUOTED_INCLUDE_IN_FRAMEWORK_HEADER = YES;
				CLANG_WARN_RANGE_LOOP_ANALYSIS = YES;
				CLANG_WARN_STRICT_PROTOTYPES = YES;
				CLANG_WARN_SUSPICIOUS_MOVE = YES;
				CLANG_WARN_UNGUARDED_AVAILABILITY = YES_AGGRESSIVE;
				CLANG_WARN_UNREACHABLE_CODE = YES;
				CLANG_WARN__DUPLICATE_METHOD_MATCH = YES;
				COPY_PHASE_STRIP = NO;
				DEBUG_INFORMATION_FORMAT = dwarf;
				ENABLE_STRICT_OBJC_MSGSEND = YES;
				ENABLE_TESTABILITY = YES;
				GCC_C_LANGUAGE_STANDARD = gnu11;
				GCC_DYNAMIC_NO_PIC = NO;
				GCC_NO_COMMON_BLOCKS = YES;
				GCC_OPTIMIZATION_LEVEL = 0;
				GCC_PREPROCESSOR_DEFINITIONS = (
					"DEBUG=1",
					"$(inherited)",
				);
				GCC_WARN_64_TO_32_BIT_CONVERSION = YES;
				GCC_WARN_ABOUT_RETURN_TYPE = YES_ERROR;
				GCC_WARN_UNDECLARED_SELECTOR = YES;
				GCC_WARN_UNINITIALIZED_AUTOS = YES_AGGRESSIVE;
				GCC_WARN_UNUSED_FUNCTION = YES;
				GCC_WARN_UNUSED_VARIABLE = YES;
				IPHONEOS_DEPLOYMENT_TARGET = 14.4;
				MTL_ENABLE_DEBUG_INFO = INCLUDE_SOURCE;
				MTL_FAST_MATH = YES;
				ONLY_ACTIVE_ARCH = YES;
				SDKROOT = iphoneos;
				SWIFT_ACTIVE_COMPILATION_CONDITIONS = DEBUG;
				SWIFT_OPTIMIZATION_LEVEL = "-Onone";
			};
			name = Debug;
		};
		E091D23225D7F0D000C308B6 /* Release */ = {
			isa = XCBuildConfiguration;
			buildSettings = {
				ALWAYS_SEARCH_USER_PATHS = NO;
				CLANG_ANALYZER_NONNULL = YES;
				CLANG_ANALYZER_NUMBER_OBJECT_CONVERSION = YES_AGGRESSIVE;
				CLANG_CXX_LANGUAGE_STANDARD = "gnu++14";
				CLANG_CXX_LIBRARY = "libc++";
				CLANG_ENABLE_MODULES = YES;
				CLANG_ENABLE_OBJC_ARC = YES;
				CLANG_ENABLE_OBJC_WEAK = YES;
				CLANG_WARN_BLOCK_CAPTURE_AUTORELEASING = YES;
				CLANG_WARN_BOOL_CONVERSION = YES;
				CLANG_WARN_COMMA = YES;
				CLANG_WARN_CONSTANT_CONVERSION = YES;
				CLANG_WARN_DEPRECATED_OBJC_IMPLEMENTATIONS = YES;
				CLANG_WARN_DIRECT_OBJC_ISA_USAGE = YES_ERROR;
				CLANG_WARN_DOCUMENTATION_COMMENTS = YES;
				CLANG_WARN_EMPTY_BODY = YES;
				CLANG_WARN_ENUM_CONVERSION = YES;
				CLANG_WARN_INFINITE_RECURSION = YES;
				CLANG_WARN_INT_CONVERSION = YES;
				CLANG_WARN_NON_LITERAL_NULL_CONVERSION = YES;
				CLANG_WARN_OBJC_IMPLICIT_RETAIN_SELF = YES;
				CLANG_WARN_OBJC_LITERAL_CONVERSION = YES;
				CLANG_WARN_OBJC_ROOT_CLASS = YES_ERROR;
				CLANG_WARN_QUOTED_INCLUDE_IN_FRAMEWORK_HEADER = YES;
				CLANG_WARN_RANGE_LOOP_ANALYSIS = YES;
				CLANG_WARN_STRICT_PROTOTYPES = YES;
				CLANG_WARN_SUSPICIOUS_MOVE = YES;
				CLANG_WARN_UNGUARDED_AVAILABILITY = YES_AGGRESSIVE;
				CLANG_WARN_UNREACHABLE_CODE = YES;
				CLANG_WARN__DUPLICATE_METHOD_MATCH = YES;
				COPY_PHASE_STRIP = NO;
				DEBUG_INFORMATION_FORMAT = "dwarf-with-dsym";
				ENABLE_NS_ASSERTIONS = NO;
				ENABLE_STRICT_OBJC_MSGSEND = YES;
				GCC_C_LANGUAGE_STANDARD = gnu11;
				GCC_NO_COMMON_BLOCKS = YES;
				GCC_WARN_64_TO_32_BIT_CONVERSION = YES;
				GCC_WARN_ABOUT_RETURN_TYPE = YES_ERROR;
				GCC_WARN_UNDECLARED_SELECTOR = YES;
				GCC_WARN_UNINITIALIZED_AUTOS = YES_AGGRESSIVE;
				GCC_WARN_UNUSED_FUNCTION = YES;
				GCC_WARN_UNUSED_VARIABLE = YES;
				IPHONEOS_DEPLOYMENT_TARGET = 14.4;
				MTL_ENABLE_DEBUG_INFO = NO;
				MTL_FAST_MATH = YES;
				SDKROOT = iphoneos;
				SWIFT_COMPILATION_MODE = wholemodule;
				SWIFT_OPTIMIZATION_LEVEL = "-O";
				VALIDATE_PRODUCT = YES;
			};
			name = Release;
		};
		E091D23425D7F0D000C308B6 /* Debug */ = {
			isa = XCBuildConfiguration;
			baseConfigurationReference = F381E759474A8345EEE6DD52 /* Pods-Project_1.debug.xcconfig */;
			buildSettings = {
				ASSETCATALOG_COMPILER_APPICON_NAME = AppIcon;
				ASSETCATALOG_COMPILER_GLOBAL_ACCENT_COLOR_NAME = AccentColor;
				CODE_SIGN_STYLE = Automatic;
				DEVELOPMENT_TEAM = UALP44U56N;
				INFOPLIST_FILE = Project_1/Info.plist;
				LD_RUNPATH_SEARCH_PATHS = (
					"$(inherited)",
					"@executable_path/Frameworks",
				);
				PRODUCT_BUNDLE_IDENTIFIER = "Daeki56.Project-1";
				PRODUCT_NAME = "$(TARGET_NAME)";
				SWIFT_VERSION = 5.0;
				TARGETED_DEVICE_FAMILY = "1,2";
			};
			name = Debug;
		};
		E091D23525D7F0D000C308B6 /* Release */ = {
			isa = XCBuildConfiguration;
			baseConfigurationReference = 8388EB4ABCD61374E8B89A57 /* Pods-Project_1.release.xcconfig */;
			buildSettings = {
				ASSETCATALOG_COMPILER_APPICON_NAME = AppIcon;
				ASSETCATALOG_COMPILER_GLOBAL_ACCENT_COLOR_NAME = AccentColor;
				CODE_SIGN_STYLE = Automatic;
				DEVELOPMENT_TEAM = UALP44U56N;
				INFOPLIST_FILE = Project_1/Info.plist;
				LD_RUNPATH_SEARCH_PATHS = (
					"$(inherited)",
					"@executable_path/Frameworks",
				);
				PRODUCT_BUNDLE_IDENTIFIER = "Daeki56.Project-1";
				PRODUCT_NAME = "$(TARGET_NAME)";
				SWIFT_VERSION = 5.0;
				TARGETED_DEVICE_FAMILY = "1,2";
			};
			name = Release;
		};
/* End XCBuildConfiguration section */

/* Begin XCConfigurationList section */
		E091D21A25D7F0CF00C308B6 /* Build configuration list for PBXProject "Project_1" */ = {
			isa = XCConfigurationList;
			buildConfigurations = (
				E091D23125D7F0D000C308B6 /* Debug */,
				E091D23225D7F0D000C308B6 /* Release */,
			);
			defaultConfigurationIsVisible = 0;
			defaultConfigurationName = Release;
		};
		E091D23325D7F0D000C308B6 /* Build configuration list for PBXNativeTarget "Project_1" */ = {
			isa = XCConfigurationList;
			buildConfigurations = (
				E091D23425D7F0D000C308B6 /* Debug */,
				E091D23525D7F0D000C308B6 /* Release */,
			);
			defaultConfigurationIsVisible = 0;
			defaultConfigurationName = Release;
		};
/* End XCConfigurationList section */
	};
	rootObject = E091D21725D7F0CF00C308B6 /* Project object */;
}
